
Microsoft Visual Studio Solution File, Format Version 12.00
# Visual Studio Version 16
VisualStudioVersion = 16.0.808.8
MinimumVisualStudioVersion = 10.0.40219.1
Project("{9A19103F-16F7-4668-BE54-9A1E7A4F7556}") = "GeothermalAPI", "GeothermalAPI\GeothermalAPI.csproj", "{35EE5D59-0D24-483C-8547-896642CF40BB}"
EndProject
Global
	GlobalSection(SolutionConfigurationPlatforms) = preSolution
		Debug|Any CPU = Debug|Any CPU
		Release|Any CPU = Release|Any CPU
	EndGlobalSection
	GlobalSection(ProjectConfigurationPlatforms) = postSolution
		{35EE5D59-0D24-483C-8547-896642CF40BB}.Debug|Any CPU.ActiveCfg = Debug|Any CPU
		{35EE5D59-0D24-483C-8547-896642CF40BB}.Debug|Any CPU.Build.0 = Debug|Any CPU
		{35EE5D59-0D24-483C-8547-896642CF40BB}.Release|Any CPU.ActiveCfg = Release|Any CPU
		{35EE5D59-0D24-483C-8547-896642CF40BB}.Release|Any CPU.Build.0 = Release|Any CPU
	EndGlobalSection
	GlobalSection(SolutionProperties) = preSolution
		HideSolutionNode = FALSE
	EndGlobalSection
	GlobalSection(ExtensibilityGlobals) = postSolution
		SolutionGuid = {1F053850-D6A8-45F8-B909-A084FB2C34B7}
	EndGlobalSection
EndGlobal
